
Microsoft Visual Studio Solution File, Format Version 12.00
# Visual Studio Version 16
VisualStudioVersion = 16.0.29418.71
MinimumVisualStudioVersion = 10.0.40219.1
Project("{FAE04EC0-301F-11D3-BF4B-00C04F79EFBC}") = "MathForJr", "MathForJr.csproj", "{B6C12460-2A82-4EA9-9DC7-5B0F412EA9B3}"
EndProject
Global
	GlobalSection(SolutionConfigurationPlatforms) = preSolution
		Debug|Any CPU = Debug|Any CPU
		Release|Any CPU = Release|Any CPU
	EndGlobalSection
	GlobalSection(ProjectConfigurationPlatforms) = postSolution
		{B6C12460-2A82-4EA9-9DC7-5B0F412EA9B3}.Debug|Any CPU.ActiveCfg = Debug|Any CPU
		{B6C12460-2A82-4EA9-9DC7-5B0F412EA9B3}.Debug|Any CPU.Build.0 = Debug|Any CPU
		{B6C12460-2A82-4EA9-9DC7-5B0F412EA9B3}.Release|Any CPU.ActiveCfg = Release|Any CPU
		{B6C12460-2A82-4EA9-9DC7-5B0F412EA9B3}.Release|Any CPU.Build.0 = Release|Any CPU
	EndGlobalSection
	GlobalSection(SolutionProperties) = preSolution
		HideSolutionNode = FALSE
	EndGlobalSection
	GlobalSection(ExtensibilityGlobals) = postSolution
		SolutionGuid = {B69B2684-911F-45B3-BDFF-A836AAFA39CC}
	EndGlobalSection
EndGlobal
